
Microsoft Visual Studio Solution File, Format Version 12.00
# Visual Studio Version 17
VisualStudioVersion = 17.4.33205.214
MinimumVisualStudioVersion = 10.0.40219.1
Project("{FAE04EC0-301F-11D3-BF4B-00C04F79EFBC}") = "CochesNugets2023-Caja", "CochesNugets2023-Caja\CochesNugets2023-Caja.csproj", "{D91ACA87-BFA3-4090-8A4A-938A33C0BCF2}"
EndProject
Global
	GlobalSection(SolutionConfigurationPlatforms) = preSolution
		Debug|Any CPU = Debug|Any CPU
		Release|Any CPU = Release|Any CPU
	EndGlobalSection
	GlobalSection(ProjectConfigurationPlatforms) = postSolution
		{D91ACA87-BFA3-4090-8A4A-938A33C0BCF2}.Debug|Any CPU.ActiveCfg = Debug|Any CPU
		{D91ACA87-BFA3-4090-8A4A-938A33C0BCF2}.Debug|Any CPU.Build.0 = Debug|Any CPU
		{D91ACA87-BFA3-4090-8A4A-938A33C0BCF2}.Release|Any CPU.ActiveCfg = Release|Any CPU
		{D91ACA87-BFA3-4090-8A4A-938A33C0BCF2}.Release|Any CPU.Build.0 = Release|Any CPU
	EndGlobalSection
	GlobalSection(SolutionProperties) = preSolution
		HideSolutionNode = FALSE
	EndGlobalSection
	GlobalSection(ExtensibilityGlobals) = postSolution
		SolutionGuid = {EFDA144A-E8F8-41DB-9333-4F517E829D1C}
	EndGlobalSection
EndGlobal
